
Microsoft Visual Studio Solution File, Format Version 12.00
# Visual Studio Version 16
VisualStudioVersion = 16.0.30011.22
MinimumVisualStudioVersion = 10.0.40219.1
Project("{9092AA53-FB77-4645-B42D-1CCCA6BD08BD}") = "lab_11111", "lab_11111.njsproj", "{18382DAC-88E5-47C7-B9EF-D438D86E01D1}"
EndProject
Global
	GlobalSection(SolutionConfigurationPlatforms) = preSolution
		Debug|Any CPU = Debug|Any CPU
		Release|Any CPU = Release|Any CPU
	EndGlobalSection
	GlobalSection(ProjectConfigurationPlatforms) = postSolution
		{18382DAC-88E5-47C7-B9EF-D438D86E01D1}.Debug|Any CPU.ActiveCfg = Debug|Any CPU
		{18382DAC-88E5-47C7-B9EF-D438D86E01D1}.Debug|Any CPU.Build.0 = Debug|Any CPU
		{18382DAC-88E5-47C7-B9EF-D438D86E01D1}.Release|Any CPU.ActiveCfg = Release|Any CPU
		{18382DAC-88E5-47C7-B9EF-D438D86E01D1}.Release|Any CPU.Build.0 = Release|Any CPU
	EndGlobalSection
	GlobalSection(SolutionProperties) = preSolution
		HideSolutionNode = FALSE
	EndGlobalSection
	GlobalSection(ExtensibilityGlobals) = postSolution
		SolutionGuid = {5E3CC90B-8B54-4A9C-A049-EC391AB78D55}
	EndGlobalSection
EndGlobal
